# This file is automatically @generated by Cargo.
# It is not intended for manual editing.
version = 3

[[package]]
name = "keryx-api"
version = "0.1.0"
dependencies = [
 "keryx-app",
 "keryx-domain",
]

[[package]]
name = "keryx-app"
version = "0.1.0"
dependencies = [
 "keryx-domain",
]

[[package]]
name = "keryx-domain"
version = "0.1.0"

[[package]]
name = "keryx-model"
version = "0.1.0"
dependencies = [
 "keryx-app",
 "keryx-domain",
]

[[package]]
name = "keryx-storage"
version = "0.1.0"
dependencies = [
 "keryx-app",
 "keryx-domain",
]

[[package]]
name = "keryx-tools"
version = "0.1.0"
dependencies = [
 "keryx-app",
 "keryx-domain",
]

[[package]]
name = "keryx-worker"
version = "0.1.0"
dependencies = [
 "keryx-api",
 "keryx-app",
 "keryx-domain",
 "keryx-model",
 "keryx-storage",
 "keryx-tools",
]
